
Microsoft Visual Studio Solution File, Format Version 12.00
# Visual Studio 15
VisualStudioVersion = 15.0.28307.421
MinimumVisualStudioVersion = 10.0.40219.1
Project("{FAE04EC0-301F-11D3-BF4B-00C04F79EFBC}") = "InputDemo.Android", "InputDemo\InputDemo.Android\InputDemo.Android.csproj", "{5E9BADCC-7B77-40BA-8413-510DED6327A7}"
EndProject
Project("{FAE04EC0-301F-11D3-BF4B-00C04F79EFBC}") = "InputDemo.iOS", "InputDemo\InputDemo.iOS\InputDemo.iOS.csproj", "{40F00767-252E-42A5-9D6B-1E287B3DC15B}"
EndProject
Project("{FAE04EC0-301F-11D3-BF4B-00C04F79EFBC}") = "InputDemo.UWP", "InputDemo\InputDemo.UWP\InputDemo.UWP.csproj", "{BFF652FC-119C-4369-AF25-E51261FD4C4A}"
EndProject
Project("{FAE04EC0-301F-11D3-BF4B-00C04F79EFBC}") = "InputDemo", "InputDemo\InputDemo\InputDemo.csproj", "{A02B023D-8F59-4216-8221-0EED6F05F257}"
EndProject
Global
	GlobalSection(SolutionConfigurationPlatforms) = preSolution
		Debug|Any CPU = Debug|Any CPU
		Debug|ARM = Debug|ARM
		Debug|iPhone = Debug|iPhone
		Debug|iPhoneSimulator = Debug|iPhoneSimulator
		Debug|x64 = Debug|x64
		Debug|x86 = Debug|x86
		Release|Any CPU = Release|Any CPU
		Release|ARM = Release|ARM
		Release|iPhone = Release|iPhone
		Release|iPhoneSimulator = Release|iPhoneSimulator
		Release|x64 = Release|x64
		Release|x86 = Release|x86
	EndGlobalSection
	GlobalSection(ProjectConfigurationPlatforms) = postSolution
		{5E9BADCC-7B77-40BA-8413-510DED6327A7}.Debug|Any CPU.ActiveCfg = Debug|Any CPU
		{5E9BADCC-7B77-40BA-8413-510DED6327A7}.Debug|Any CPU.Build.0 = Debug|Any CPU
		{5E9BADCC-7B77-40BA-8413-510DED6327A7}.Debug|Any CPU.Deploy.0 = Debug|Any CPU
		{5E9BADCC-7B77-40BA-8413-510DED6327A7}.Debug|ARM.ActiveCfg = Debug|Any CPU
		{5E9BADCC-7B77-40BA-8413-510DED6327A7}.Debug|ARM.Build.0 = Debug|Any CPU
		{5E9BADCC-7B77-40BA-8413-510DED6327A7}.Debug|ARM.Deploy.0 = Debug|Any CPU
		{5E9BADCC-7B77-40BA-8413-510DED6327A7}.Debug|iPhone.ActiveCfg = Debug|Any CPU
		{5E9BADCC-7B77-40BA-8413-510DED6327A7}.Debug|iPhone.Build.0 = Debug|Any CPU
		{5E9BADCC-7B77-40BA-8413-510DED6327A7}.Debug|iPhone.Deploy.0 = Debug|Any CPU
		{5E9BADCC-7B77-40BA-8413-510DED6327A7}.Debug|iPhoneSimulator.ActiveCfg = Debug|Any CPU
		{5E9BADCC-7B77-40BA-8413-510DED6327A7}.Debug|iPhoneSimulator.Build.0 = Debug|Any CPU
		{5E9BADCC-7B77-40BA-8413-510DED6327A7}.Debug|iPhoneSimulator.Deploy.0 = Debug|Any CPU
		{5E9BADCC-7B77-40BA-8413-510DED6327A7}.Debug|x64.ActiveCfg = Debug|Any CPU
		{5E9BADCC-7B77-40BA-8413-510DED6327A7}.Debug|x64.Build.0 = Debug|Any CPU
		{5E9BADCC-7B77-40BA-8413-510DED6327A7}.Debug|x64.Deploy.0 = Debug|Any CPU
		{5E9BADCC-7B77-40BA-8413-510DED6327A7}.Debug|x86.ActiveCfg = Debug|Any CPU
		{5E9BADCC-7B77-40BA-8413-510DED6327A7}.Debug|x86.Build.0 = Debug|Any CPU
		{5E9BADCC-7B77-40BA-8413-510DED6327A7}.Debug|x86.Deploy.0 = Debug|Any CPU
		{5E9BADCC-7B77-40BA-8413-510DED6327A7}.Release|Any CPU.ActiveCfg = Release|Any CPU
		{5E9BADCC-7B77-40BA-8413-510DED6327A7}.Release|Any CPU.Build.0 = Release|Any CPU
		{5E9BADCC-7B77-40BA-8413-510DED6327A7}.Release|Any CPU.Deploy.0 = Release|Any CPU
		{5E9BADCC-7B77-40BA-8413-510DED6327A7}.Release|ARM.ActiveCfg = Release|Any CPU
		{5E9BADCC-7B77-40BA-8413-510DED6327A7}.Release|ARM.Build.0 = Release|Any CPU
		{5E9BADCC-7B77-40BA-8413-510DED6327A7}.Release|ARM.Deploy.0 = Release|Any CPU
		{5E9BADCC-7B77-40BA-8413-510DED6327A7}.Release|iPhone.ActiveCfg = Release|Any CPU
		{5E9BADCC-7B77-40BA-8413-510DED6327A7}.Release|iPhone.Build.0 = Release|Any CPU
		{5E9BADCC-7B77-40BA-8413-510DED6327A7}.Release|iPhone.Deploy.0 = Release|Any CPU
		{5E9BADCC-7B77-40BA-8413-510DED6327A7}.Release|iPhoneSimulator.ActiveCfg = Release|Any CPU
		{5E9BADCC-7B77-40BA-8413-510DED6327A7}.Release|iPhoneSimulator.Build.0 = Release|Any CPU
		{5E9BADCC-7B77-40BA-8413-510DED6327A7}.Release|iPhoneSimulator.Deploy.0 = Release|Any CPU
		{5E9BADCC-7B77-40BA-8413-510DED6327A7}.Release|x64.ActiveCfg = Release|Any CPU
		{5E9BADCC-7B77-40BA-8413-510DED6327A7}.Release|x64.Build.0 = Release|Any CPU
		{5E9BADCC-7B77-40BA-8413-510DED6327A7}.Release|x64.Deploy.0 = Release|Any CPU
		{5E9BADCC-7B77-40BA-8413-510DED6327A7}.Release|x86.ActiveCfg = Release|Any CPU
		{5E9BADCC-7B77-40BA-8413-510DED6327A7}.Release|x86.Build.0 = Release|Any CPU
		{5E9BADCC-7B77-40BA-8413-510DED6327A7}.Release|x86.Deploy.0 = Release|Any CPU
		{40F00767-252E-42A5-9D6B-1E287B3DC15B}.Debug|Any CPU.ActiveCfg = Debug|iPhoneSimulator
		{40F00767-252E-42A5-9D6B-1E287B3DC15B}.Debug|Any CPU.Build.0 = Debug|iPhoneSimulator
		{40F00767-252E-42A5-9D6B-1E287B3DC15B}.Debug|Any CPU.Deploy.0 = Debug|iPhoneSimulator
		{40F00767-252E-42A5-9D6B-1E287B3DC15B}.Debug|ARM.ActiveCfg = Debug|iPhone
		{40F00767-252E-42A5-9D6B-1E287B3DC15B}.Debug|ARM.Build.0 = Debug|iPhone
		{40F00767-252E-42A5-9D6B-1E287B3DC15B}.Debug|ARM.Deploy.0 = Debug|iPhone
		{40F00767-252E-42A5-9D6B-1E287B3DC15B}.Debug|iPhone.ActiveCfg = Debug|iPhone
		{40F00767-252E-42A5-9D6B-1E287B3DC15B}.Debug|iPhone.Build.0 = Debug|iPhone
		{40F00767-252E-42A5-9D6B-1E287B3DC15B}.Debug|iPhone.Deploy.0 = Debug|iPhone
		{40F00767-252E-42A5-9D6B-1E287B3DC15B}.Debug|iPhoneSimulator.ActiveCfg = Debug|iPhoneSimulator
		{40F00767-252E-42A5-9D6B-1E287B3DC15B}.Debug|iPhoneSimulator.Build.0 = Debug|iPhoneSimulator
		{40F00767-252E-42A5-9D6B-1E287B3DC15B}.Debug|iPhoneSimulator.Deploy.0 = Debug|iPhoneSimulator
		{40F00767-252E-42A5-9D6B-1E287B3DC15B}.Debug|x64.ActiveCfg = Debug|iPhone
		{40F00767-252E-42A5-9D6B-1E287B3DC15B}.Debug|x64.Build.0 = Debug|iPhone
		{40F00767-252E-42A5-9D6B-1E287B3DC15B}.Debug|x64.Deploy.0 = Debug|iPhone
		{40F00767-252E-42A5-9D6B-1E287B3DC15B}.Debug|x86.ActiveCfg = Debug|iPhone
		{40F00767-252E-42A5-9D6B-1E287B3DC15B}.Debug|x86.Build.0 = Debug|iPhone
		{40F00767-252E-42A5-9D6B-1E287B3DC15B}.Debug|x86.Deploy.0 = Debug|iPhone
		{40F00767-252E-42A5-9D6B-1E287B3DC15B}.Release|Any CPU.ActiveCfg = Release|iPhone
		{40F00767-252E-42A5-9D6B-1E287B3DC15B}.Release|Any CPU.Build.0 = Release|iPhone
		{40F00767-252E-42A5-9D6B-1E287B3DC15B}.Release|Any CPU.Deploy.0 = Release|iPhone
		{40F00767-252E-42A5-9D6B-1E287B3DC15B}.Release|ARM.ActiveCfg = Release|iPhone
		{40F00767-252E-42A5-9D6B-1E287B3DC15B}.Release|ARM.Build.0 = Release|iPhone
		{40F00767-252E-42A5-9D6B-1E287B3DC15B}.Release|ARM.Deploy.0 = Release|iPhone
		{40F00767-252E-42A5-9D6B-1E287B3DC15B}.Release|iPhone.ActiveCfg = Release|iPhone
		{40F00767-252E-42A5-9D6B-1E287B3DC15B}.Release|iPhone.Build.0 = Release|iPhone
		{40F00767-252E-42A5-9D6B-1E287B3DC15B}.Release|iPhone.Deploy.0 = Release|iPhone
		{40F00767-252E-42A5-9D6B-1E287B3DC15B}.Release|iPhoneSimulator.ActiveCfg = Release|iPhoneSimulator
		{40F00767-252E-42A5-9D6B-1E287B3DC15B}.Release|iPhoneSimulator.Build.0 = Release|iPhoneSimulator
		{40F00767-252E-42A5-9D6B-1E287B3DC15B}.Release|iPhoneSimulator.Deploy.0 = Release|iPhoneSimulator
		{40F00767-252E-42A5-9D6B-1E287B3DC15B}.Release|x64.ActiveCfg = Release|iPhone
		{40F00767-252E-42A5-9D6B-1E287B3DC15B}.Release|x64.Build.0 = Release|iPhone
		{40F00767-252E-42A5-9D6B-1E287B3DC15B}.Release|x64.Deploy.0 = Release|iPhone
		{40F00767-252E-42A5-9D6B-1E287B3DC15B}.Release|x86.ActiveCfg = Release|iPhone
		{40F00767-252E-42A5-9D6B-1E287B3DC15B}.Release|x86.Build.0 = Release|iPhone
		{40F00767-252E-42A5-9D6B-1E287B3DC15B}.Release|x86.Deploy.0 = Release|iPhone
		{BFF652FC-119C-4369-AF25-E51261FD4C4A}.Debug|Any CPU.ActiveCfg = Debug|x86
		{BFF652FC-119C-4369-AF25-E51261FD4C4A}.Debug|Any CPU.Build.0 = Debug|x86
		{BFF652FC-119C-4369-AF25-E51261FD4C4A}.Debug|Any CPU.Deploy.0 = Debug|x86
		{BFF652FC-119C-4369-AF25-E51261FD4C4A}.Debug|ARM.ActiveCfg = Debug|ARM
		{BFF652FC-119C-4369-AF25-E51261FD4C4A}.Debug|ARM.Build.0 = Debug|ARM
		{BFF652FC-119C-4369-AF25-E51261FD4C4A}.Debug|ARM.Deploy.0 = Debug|ARM
		{BFF652FC-119C-4369-AF25-E51261FD4C4A}.Debug|iPhone.ActiveCfg = Debug|x86
		{BFF652FC-119C-4369-AF25-E51261FD4C4A}.Debug|iPhone.Build.0 = Debug|x86
		{BFF652FC-119C-4369-AF25-E51261FD4C4A}.Debug|iPhone.Deploy.0 = Debug|x86
		{BFF652FC-119C-4369-AF25-E51261FD4C4A}.Debug|iPhoneSimulator.ActiveCfg = Debug|x86
		{BFF652FC-119C-4369-AF25-E51261FD4C4A}.Debug|iPhoneSimulator.Build.0 = Debug|x86
		{BFF652FC-119C-4369-AF25-E51261FD4C4A}.Debug|iPhoneSimulator.Deploy.0 = Debug|x86
		{BFF652FC-119C-4369-AF25-E51261FD4C4A}.Debug|x64.ActiveCfg = Debug|x64
		{BFF652FC-119C-4369-AF25-E51261FD4C4A}.Debug|x64.Build.0 = Debug|x64
		{BFF652FC-119C-4369-AF25-E51261FD4C4A}.Debug|x64.Deploy.0 = Debug|x64
		{BFF652FC-119C-4369-AF25-E51261FD4C4A}.Debug|x86.ActiveCfg = Debug|x86
		{BFF652FC-119C-4369-AF25-E51261FD4C4A}.Debug|x86.Build.0 = Debug|x86
		{BFF652FC-119C-4369-AF25-E51261FD4C4A}.Debug|x86.Deploy.0 = Debug|x86
		{BFF652FC-119C-4369-AF25-E51261FD4C4A}.Release|Any CPU.ActiveCfg = Release|x86
		{BFF652FC-119C-4369-AF25-E51261FD4C4A}.Release|Any CPU.Build.0 = Release|x86
		{BFF652FC-119C-4369-AF25-E51261FD4C4A}.Release|Any CPU.Deploy.0 = Release|x86
		{BFF652FC-119C-4369-AF25-E51261FD4C4A}.Release|ARM.ActiveCfg = Release|ARM
		{BFF652FC-119C-4369-AF25-E51261FD4C4A}.Release|ARM.Build.0 = Release|ARM
		{BFF652FC-119C-4369-AF25-E51261FD4C4A}.Release|ARM.Deploy.0 = Release|ARM
		{BFF652FC-119C-4369-AF25-E51261FD4C4A}.Release|iPhone.ActiveCfg = Release|x86
		{BFF652FC-119C-4369-AF25-E51261FD4C4A}.Release|iPhone.Build.0 = Release|x86
		{BFF652FC-119C-4369-AF25-E51261FD4C4A}.Release|iPhone.Deploy.0 = Release|x86
		{BFF652FC-119C-4369-AF25-E51261FD4C4A}.Release|iPhoneSimulator.ActiveCfg = Release|x86
		{BFF652FC-119C-4369-AF25-E51261FD4C4A}.Release|iPhoneSimulator.Build.0 = Release|x86
		{BFF652FC-119C-4369-AF25-E51261FD4C4A}.Release|iPhoneSimulator.Deploy.0 = Release|x86
		{BFF652FC-119C-4369-AF25-E51261FD4C4A}.Release|x64.ActiveCfg = Release|x64
		{BFF652FC-119C-4369-AF25-E51261FD4C4A}.Release|x64.Build.0 = Release|x64
		{BFF652FC-119C-4369-AF25-E51261FD4C4A}.Release|x64.Deploy.0 = Release|x64
		{BFF652FC-119C-4369-AF25-E51261FD4C4A}.Release|x86.ActiveCfg = Release|x86
		{BFF652FC-119C-4369-AF25-E51261FD4C4A}.Release|x86.Build.0 = Release|x86
		{BFF652FC-119C-4369-AF25-E51261FD4C4A}.Release|x86.Deploy.0 = Release|x86
		{A02B023D-8F59-4216-8221-0EED6F05F257}.Debug|Any CPU.ActiveCfg = Debug|Any CPU
		{A02B023D-8F59-4216-8221-0EED6F05F257}.Debug|Any CPU.Build.0 = Debug|Any CPU
		{A02B023D-8F59-4216-8221-0EED6F05F257}.Debug|Any CPU.Deploy.0 = Debug|Any CPU
		{A02B023D-8F59-4216-8221-0EED6F05F257}.Debug|ARM.ActiveCfg = Debug|Any CPU
		{A02B023D-8F59-4216-8221-0EED6F05F257}.Debug|ARM.Build.0 = Debug|Any CPU
		{A02B023D-8F59-4216-8221-0EED6F05F257}.Debug|ARM.Deploy.0 = Debug|Any CPU
		{A02B023D-8F59-4216-8221-0EED6F05F257}.Debug|iPhone.ActiveCfg = Debug|Any CPU
		{A02B023D-8F59-4216-8221-0EED6F05F257}.Debug|iPhone.Build.0 = Debug|Any CPU
		{A02B023D-8F59-4216-8221-0EED6F05F257}.Debug|iPhone.Deploy.0 = Debug|Any CPU
		{A02B023D-8F59-4216-8221-0EED6F05F257}.Debug|iPhoneSimulator.ActiveCfg = Debug|Any CPU
		{A02B023D-8F59-4216-8221-0EED6F05F257}.Debug|iPhoneSimulator.Build.0 = Debug|Any CPU
		{A02B023D-8F59-4216-8221-0EED6F05F257}.Debug|iPhoneSimulator.Deploy.0 = Debug|Any CPU
		{A02B023D-8F59-4216-8221-0EED6F05F257}.Debug|x64.ActiveCfg = Debug|Any CPU
		{A02B023D-8F59-4216-8221-0EED6F05F257}.Debug|x64.Build.0 = Debug|Any CPU
		{A02B023D-8F59-4216-8221-0EED6F05F257}.Debug|x64.Deploy.0 = Debug|Any CPU
		{A02B023D-8F59-4216-8221-0EED6F05F257}.Debug|x86.ActiveCfg = Debug|Any CPU
		{A02B023D-8F59-4216-8221-0EED6F05F257}.Debug|x86.Build.0 = Debug|Any CPU
		{A02B023D-8F59-4216-8221-0EED6F05F257}.Debug|x86.Deploy.0 = Debug|Any CPU
		{A02B023D-8F59-4216-8221-0EED6F05F257}.Release|Any CPU.ActiveCfg = Release|Any CPU
		{A02B023D-8F59-4216-8221-0EED6F05F257}.Release|Any CPU.Build.0 = Release|Any CPU
		{A02B023D-8F59-4216-8221-0EED6F05F257}.Release|Any CPU.Deploy.0 = Release|Any CPU
		{A02B023D-8F59-4216-8221-0EED6F05F257}.Release|ARM.ActiveCfg = Release|Any CPU
		{A02B023D-8F59-4216-8221-0EED6F05F257}.Release|ARM.Build.0 = Release|Any CPU
		{A02B023D-8F59-4216-8221-0EED6F05F257}.Release|ARM.Deploy.0 = Release|Any CPU
		{A02B023D-8F59-4216-8221-0EED6F05F257}.Release|iPhone.ActiveCfg = Release|Any CPU
		{A02B023D-8F59-4216-8221-0EED6F05F257}.Release|iPhone.Build.0 = Release|Any CPU
		{A02B023D-8F59-4216-8221-0EED6F05F257}.Release|iPhone.Deploy.0 = Release|Any CPU
		{A02B023D-8F59-4216-8221-0EED6F05F257}.Release|iPhoneSimulator.ActiveCfg = Release|Any CPU
		{A02B023D-8F59-4216-8221-0EED6F05F257}.Release|iPhoneSimulator.Build.0 = Release|Any CPU
		{A02B023D-8F59-4216-8221-0EED6F05F257}.Release|iPhoneSimulator.Deploy.0 = Release|Any CPU
		{A02B023D-8F59-4216-8221-0EED6F05F257}.Release|x64.ActiveCfg = Release|Any CPU
		{A02B023D-8F59-4216-8221-0EED6F05F257}.Release|x64.Build.0 = Release|Any CPU
		{A02B023D-8F59-4216-8221-0EED6F05F257}.Release|x64.Deploy.0 = Release|Any CPU
		{A02B023D-8F59-4216-8221-0EED6F05F257}.Release|x86.ActiveCfg = Release|Any CPU
		{A02B023D-8F59-4216-8221-0EED6F05F257}.Release|x86.Build.0 = Release|Any CPU
		{A02B023D-8F59-4216-8221-0EED6F05F257}.Release|x86.Deploy.0 = Release|Any CPU
	EndGlobalSection
	GlobalSection(SolutionProperties) = preSolution
		HideSolutionNode = FALSE
	EndGlobalSection
	GlobalSection(ExtensibilityGlobals) = postSolution
		SolutionGuid = {A35F1CBF-4947-49BF-A9EB-CA147FBC4500}
	EndGlobalSection
EndGlobal
